
Microsoft Visual Studio Solution File, Format Version 12.00
# Visual Studio Version 17
VisualStudioVersion = 17.5.002.0
MinimumVisualStudioVersion = 10.0.40219.1
Project("{2150E333-8FDC-42A3-9474-1A3956D46DE8}") = "src", "src", "{0E26B706-7CEE-417D-AD3F-64773718DBA4}"
EndProject
Project("{2150E333-8FDC-42A3-9474-1A3956D46DE8}") = "01_recursive_binary_tree", "01_recursive_binary_tree", "{A7E90D22-4CB4-4CAF-B6C9-0A1F746709F6}"
EndProject
Project("{9A19103F-16F7-4668-BE54-9A1E7A4F7556}") = "recursive_binary_tree.consoleapp", "src\01_recursive_binary_tree\recursive_binary_tree.consoleapp\recursive_binary_tree.consoleapp.csproj", "{41ADF1A7-C288-4828-969D-ADCB7C412941}"
EndProject
Project("{2150E333-8FDC-42A3-9474-1A3956D46DE8}") = "02_trie", "02_trie", "{773A0638-EAAE-4C09-A31F-F4B4ECB7529D}"
EndProject
Project("{FAE04EC0-301F-11D3-BF4B-00C04F79EFBC}") = "trie.consoleapp", "src\02_trie\trie.consoleapp\trie.consoleapp.csproj", "{42568BB3-A4A6-43A0-B1E3-70EA9780D197}"
EndProject
Project("{2150E333-8FDC-42A3-9474-1A3956D46DE8}") = "03_linked_list", "03_linked_list", "{7B6CF35C-5604-498A-B410-801467C3EC11}"
EndProject
Project("{FAE04EC0-301F-11D3-BF4B-00C04F79EFBC}") = "creating_list_use_array.consoleapp", "src\03_linked_list\creating_list_use_array.consoleapp\creating_list_use_array.consoleapp.csproj", "{D09C44F9-7DB6-4EC2-8083-2CAD56D5E11C}"
EndProject
Project("{FAE04EC0-301F-11D3-BF4B-00C04F79EFBC}") = "operator_of_yield.consoleapp", "src\03_linked_list\operator_of_yield.consoleapp\operator_of_yield.consoleapp.csproj", "{2ADC1D87-9B7F-42ED-9EF7-C5D29630D077}"
EndProject
Project("{FAE04EC0-301F-11D3-BF4B-00C04F79EFBC}") = "linked_list.consoleapp", "src\03_linked_list\linked_list.consoleapp\linked_list.consoleapp.csproj", "{94D1E16D-F4C8-46BF-A76D-C7F73A9D1B82}"
EndProject
Project("{2150E333-8FDC-42A3-9474-1A3956D46DE8}") = "04_queue_stack", "04_queue_stack", "{4A600CAE-BDE0-4766-A682-98405158F524}"
EndProject
Project("{FAE04EC0-301F-11D3-BF4B-00C04F79EFBC}") = "queue_stack.consoleapp", "src\04_queue_stack\queue_stack.consoleapp\queue_stack.consoleapp.csproj", "{6F343609-91DB-456B-94B1-8F28134BB4C4}"
EndProject
Project("{FAE04EC0-301F-11D3-BF4B-00C04F79EFBC}") = "queue_v2.consoleapp", "src\04_queue_stack\queue_v2.consoleapp\queue_v2.consoleapp.csproj", "{2AB2FCCB-91A6-4F31-9DAB-C7504BD0FE5C}"
EndProject
Project("{FAE04EC0-301F-11D3-BF4B-00C04F79EFBC}") = "linked_list_v2.consoleapp", "src\03_linked_list\linked_list_v2.consoleapp\linked_list_v2.consoleapp.csproj", "{F047CEB5-2419-45D8-A8EB-C51B9B8FE2A7}"
EndProject
Project("{FAE04EC0-301F-11D3-BF4B-00C04F79EFBC}") = "stack_v2.consoleapp", "src\04_queue_stack\stack_v2.consoleapp\stack_v2.consoleapp.csproj", "{CB022F0F-B2C0-4F7C-97DF-BCBABD8DFE88}"
EndProject
Project("{2150E333-8FDC-42A3-9474-1A3956D46DE8}") = "05_sorted_list", "05_sorted_list", "{779E84D6-514E-44A4-A28D-0AAA8BFA4208}"
EndProject
Project("{FAE04EC0-301F-11D3-BF4B-00C04F79EFBC}") = "sorted_list.consoleapp", "src\05_sorted_list\sorted_list.consoleapp\sorted_list.consoleapp.csproj", "{62B8340C-F0CB-49AB-90D4-32158C135EEE}"
EndProject
Global
	GlobalSection(SolutionConfigurationPlatforms) = preSolution
		Debug|Any CPU = Debug|Any CPU
		Release|Any CPU = Release|Any CPU
	EndGlobalSection
	GlobalSection(ProjectConfigurationPlatforms) = postSolution
		{41ADF1A7-C288-4828-969D-ADCB7C412941}.Debug|Any CPU.ActiveCfg = Debug|Any CPU
		{41ADF1A7-C288-4828-969D-ADCB7C412941}.Debug|Any CPU.Build.0 = Debug|Any CPU
		{41ADF1A7-C288-4828-969D-ADCB7C412941}.Release|Any CPU.ActiveCfg = Release|Any CPU
		{41ADF1A7-C288-4828-969D-ADCB7C412941}.Release|Any CPU.Build.0 = Release|Any CPU
		{42568BB3-A4A6-43A0-B1E3-70EA9780D197}.Debug|Any CPU.ActiveCfg = Debug|Any CPU
		{42568BB3-A4A6-43A0-B1E3-70EA9780D197}.Debug|Any CPU.Build.0 = Debug|Any CPU
		{42568BB3-A4A6-43A0-B1E3-70EA9780D197}.Release|Any CPU.ActiveCfg = Release|Any CPU
		{42568BB3-A4A6-43A0-B1E3-70EA9780D197}.Release|Any CPU.Build.0 = Release|Any CPU
		{D09C44F9-7DB6-4EC2-8083-2CAD56D5E11C}.Debug|Any CPU.ActiveCfg = Debug|Any CPU
		{D09C44F9-7DB6-4EC2-8083-2CAD56D5E11C}.Debug|Any CPU.Build.0 = Debug|Any CPU
		{D09C44F9-7DB6-4EC2-8083-2CAD56D5E11C}.Release|Any CPU.ActiveCfg = Release|Any CPU
		{D09C44F9-7DB6-4EC2-8083-2CAD56D5E11C}.Release|Any CPU.Build.0 = Release|Any CPU
		{2ADC1D87-9B7F-42ED-9EF7-C5D29630D077}.Debug|Any CPU.ActiveCfg = Debug|Any CPU
		{2ADC1D87-9B7F-42ED-9EF7-C5D29630D077}.Debug|Any CPU.Build.0 = Debug|Any CPU
		{2ADC1D87-9B7F-42ED-9EF7-C5D29630D077}.Release|Any CPU.ActiveCfg = Release|Any CPU
		{2ADC1D87-9B7F-42ED-9EF7-C5D29630D077}.Release|Any CPU.Build.0 = Release|Any CPU
		{94D1E16D-F4C8-46BF-A76D-C7F73A9D1B82}.Debug|Any CPU.ActiveCfg = Debug|Any CPU
		{94D1E16D-F4C8-46BF-A76D-C7F73A9D1B82}.Debug|Any CPU.Build.0 = Debug|Any CPU
		{94D1E16D-F4C8-46BF-A76D-C7F73A9D1B82}.Release|Any CPU.ActiveCfg = Release|Any CPU
		{94D1E16D-F4C8-46BF-A76D-C7F73A9D1B82}.Release|Any CPU.Build.0 = Release|Any CPU
		{6F343609-91DB-456B-94B1-8F28134BB4C4}.Debug|Any CPU.ActiveCfg = Debug|Any CPU
		{6F343609-91DB-456B-94B1-8F28134BB4C4}.Debug|Any CPU.Build.0 = Debug|Any CPU
		{6F343609-91DB-456B-94B1-8F28134BB4C4}.Release|Any CPU.ActiveCfg = Release|Any CPU
		{6F343609-91DB-456B-94B1-8F28134BB4C4}.Release|Any CPU.Build.0 = Release|Any CPU
		{2AB2FCCB-91A6-4F31-9DAB-C7504BD0FE5C}.Debug|Any CPU.ActiveCfg = Debug|Any CPU
		{2AB2FCCB-91A6-4F31-9DAB-C7504BD0FE5C}.Debug|Any CPU.Build.0 = Debug|Any CPU
		{2AB2FCCB-91A6-4F31-9DAB-C7504BD0FE5C}.Release|Any CPU.ActiveCfg = Release|Any CPU
		{2AB2FCCB-91A6-4F31-9DAB-C7504BD0FE5C}.Release|Any CPU.Build.0 = Release|Any CPU
		{F047CEB5-2419-45D8-A8EB-C51B9B8FE2A7}.Debug|Any CPU.ActiveCfg = Debug|Any CPU
		{F047CEB5-2419-45D8-A8EB-C51B9B8FE2A7}.Debug|Any CPU.Build.0 = Debug|Any CPU
		{F047CEB5-2419-45D8-A8EB-C51B9B8FE2A7}.Release|Any CPU.ActiveCfg = Release|Any CPU
		{F047CEB5-2419-45D8-A8EB-C51B9B8FE2A7}.Release|Any CPU.Build.0 = Release|Any CPU
		{CB022F0F-B2C0-4F7C-97DF-BCBABD8DFE88}.Debug|Any CPU.ActiveCfg = Debug|Any CPU
		{CB022F0F-B2C0-4F7C-97DF-BCBABD8DFE88}.Debug|Any CPU.Build.0 = Debug|Any CPU
		{CB022F0F-B2C0-4F7C-97DF-BCBABD8DFE88}.Release|Any CPU.ActiveCfg = Release|Any CPU
		{CB022F0F-B2C0-4F7C-97DF-BCBABD8DFE88}.Release|Any CPU.Build.0 = Release|Any CPU
		{62B8340C-F0CB-49AB-90D4-32158C135EEE}.Debug|Any CPU.ActiveCfg = Debug|Any CPU
		{62B8340C-F0CB-49AB-90D4-32158C135EEE}.Debug|Any CPU.Build.0 = Debug|Any CPU
		{62B8340C-F0CB-49AB-90D4-32158C135EEE}.Release|Any CPU.ActiveCfg = Release|Any CPU
		{62B8340C-F0CB-49AB-90D4-32158C135EEE}.Release|Any CPU.Build.0 = Release|Any CPU
	EndGlobalSection
	GlobalSection(SolutionProperties) = preSolution
		HideSolutionNode = FALSE
	EndGlobalSection
	GlobalSection(NestedProjects) = preSolution
		{A7E90D22-4CB4-4CAF-B6C9-0A1F746709F6} = {0E26B706-7CEE-417D-AD3F-64773718DBA4}
		{41ADF1A7-C288-4828-969D-ADCB7C412941} = {A7E90D22-4CB4-4CAF-B6C9-0A1F746709F6}
		{773A0638-EAAE-4C09-A31F-F4B4ECB7529D} = {0E26B706-7CEE-417D-AD3F-64773718DBA4}
		{42568BB3-A4A6-43A0-B1E3-70EA9780D197} = {773A0638-EAAE-4C09-A31F-F4B4ECB7529D}
		{7B6CF35C-5604-498A-B410-801467C3EC11} = {0E26B706-7CEE-417D-AD3F-64773718DBA4}
		{D09C44F9-7DB6-4EC2-8083-2CAD56D5E11C} = {7B6CF35C-5604-498A-B410-801467C3EC11}
		{2ADC1D87-9B7F-42ED-9EF7-C5D29630D077} = {7B6CF35C-5604-498A-B410-801467C3EC11}
		{94D1E16D-F4C8-46BF-A76D-C7F73A9D1B82} = {7B6CF35C-5604-498A-B410-801467C3EC11}
		{4A600CAE-BDE0-4766-A682-98405158F524} = {0E26B706-7CEE-417D-AD3F-64773718DBA4}
		{6F343609-91DB-456B-94B1-8F28134BB4C4} = {4A600CAE-BDE0-4766-A682-98405158F524}
		{2AB2FCCB-91A6-4F31-9DAB-C7504BD0FE5C} = {4A600CAE-BDE0-4766-A682-98405158F524}
		{F047CEB5-2419-45D8-A8EB-C51B9B8FE2A7} = {7B6CF35C-5604-498A-B410-801467C3EC11}
		{CB022F0F-B2C0-4F7C-97DF-BCBABD8DFE88} = {4A600CAE-BDE0-4766-A682-98405158F524}
		{779E84D6-514E-44A4-A28D-0AAA8BFA4208} = {0E26B706-7CEE-417D-AD3F-64773718DBA4}
		{62B8340C-F0CB-49AB-90D4-32158C135EEE} = {779E84D6-514E-44A4-A28D-0AAA8BFA4208}
	EndGlobalSection
	GlobalSection(ExtensibilityGlobals) = postSolution
		SolutionGuid = {1F58FAF4-CB29-44AE-8DCE-3DF3BD7D44A4}
	EndGlobalSection
EndGlobal
