
Microsoft Visual Studio Solution File, Format Version 12.00
# Visual Studio Version 17
VisualStudioVersion = 17.5.002.0
MinimumVisualStudioVersion = 10.0.40219.1
Project("{2150E333-8FDC-42A3-9474-1A3956D46DE8}") = "src", "src", "{0E26B706-7CEE-417D-AD3F-64773718DBA4}"
EndProject
Project("{2150E333-8FDC-42A3-9474-1A3956D46DE8}") = "01_recursive_binary_tree", "01_recursive_binary_tree", "{A7E90D22-4CB4-4CAF-B6C9-0A1F746709F6}"
EndProject
Project("{9A19103F-16F7-4668-BE54-9A1E7A4F7556}") = "recursive_binary_tree.consoleapp", "src\01_recursive_binary_tree\recursive_binary_tree.consoleapp\recursive_binary_tree.consoleapp.csproj", "{41ADF1A7-C288-4828-969D-ADCB7C412941}"
EndProject
Project("{2150E333-8FDC-42A3-9474-1A3956D46DE8}") = "02_trie", "02_trie", "{773A0638-EAAE-4C09-A31F-F4B4ECB7529D}"
EndProject
Project("{FAE04EC0-301F-11D3-BF4B-00C04F79EFBC}") = "trie.consoleapp", "src\02_trie\trie.consoleapp\trie.consoleapp.csproj", "{42568BB3-A4A6-43A0-B1E3-70EA9780D197}"
EndProject
Global
	GlobalSection(SolutionConfigurationPlatforms) = preSolution
		Debug|Any CPU = Debug|Any CPU
		Release|Any CPU = Release|Any CPU
	EndGlobalSection
	GlobalSection(ProjectConfigurationPlatforms) = postSolution
		{41ADF1A7-C288-4828-969D-ADCB7C412941}.Debug|Any CPU.ActiveCfg = Debug|Any CPU
		{41ADF1A7-C288-4828-969D-ADCB7C412941}.Debug|Any CPU.Build.0 = Debug|Any CPU
		{41ADF1A7-C288-4828-969D-ADCB7C412941}.Release|Any CPU.ActiveCfg = Release|Any CPU
		{41ADF1A7-C288-4828-969D-ADCB7C412941}.Release|Any CPU.Build.0 = Release|Any CPU
		{42568BB3-A4A6-43A0-B1E3-70EA9780D197}.Debug|Any CPU.ActiveCfg = Debug|Any CPU
		{42568BB3-A4A6-43A0-B1E3-70EA9780D197}.Debug|Any CPU.Build.0 = Debug|Any CPU
		{42568BB3-A4A6-43A0-B1E3-70EA9780D197}.Release|Any CPU.ActiveCfg = Release|Any CPU
		{42568BB3-A4A6-43A0-B1E3-70EA9780D197}.Release|Any CPU.Build.0 = Release|Any CPU
	EndGlobalSection
	GlobalSection(SolutionProperties) = preSolution
		HideSolutionNode = FALSE
	EndGlobalSection
	GlobalSection(NestedProjects) = preSolution
		{A7E90D22-4CB4-4CAF-B6C9-0A1F746709F6} = {0E26B706-7CEE-417D-AD3F-64773718DBA4}
		{41ADF1A7-C288-4828-969D-ADCB7C412941} = {A7E90D22-4CB4-4CAF-B6C9-0A1F746709F6}
		{773A0638-EAAE-4C09-A31F-F4B4ECB7529D} = {0E26B706-7CEE-417D-AD3F-64773718DBA4}
		{42568BB3-A4A6-43A0-B1E3-70EA9780D197} = {773A0638-EAAE-4C09-A31F-F4B4ECB7529D}
	EndGlobalSection
	GlobalSection(ExtensibilityGlobals) = postSolution
		SolutionGuid = {1F58FAF4-CB29-44AE-8DCE-3DF3BD7D44A4}
	EndGlobalSection
EndGlobal
