
Microsoft Visual Studio Solution File, Format Version 12.00
# Visual Studio Version 17
VisualStudioVersion = 17.5.002.0
MinimumVisualStudioVersion = 10.0.40219.1
Project("{2150E333-8FDC-42A3-9474-1A3956D46DE8}") = "src", "src", "{0B8DC72B-B4FC-40A5-BB7A-07E8478C4152}"
EndProject
Project("{2150E333-8FDC-42A3-9474-1A3956D46DE8}") = "01_recursive_binary_tree", "01_recursive_binary_tree", "{8B14EE86-CCE6-4689-9B53-9DE584F8BEE4}"
EndProject
Project("{9A19103F-16F7-4668-BE54-9A1E7A4F7556}") = "recursive_binary_tree.consoleapp", "src\01_recursive_binary_tree\recursive_binary_tree.consoleapp\recursive_binary_tree.consoleapp.csproj", "{0D97AF9D-8302-4A21-8DDC-08264112A0DB}"
EndProject
Project("{2150E333-8FDC-42A3-9474-1A3956D46DE8}") = "02_trie", "02_trie", "{16C3C485-1228-4162-B308-6D46918BC411}"
EndProject
Project("{9A19103F-16F7-4668-BE54-9A1E7A4F7556}") = "trie.consoleapp", "src\02_trie\trie.consoleapp\trie.consoleapp.csproj", "{CB81A3EB-45F6-46DF-9D04-9E40D30834ED}"
EndProject
Project("{2150E333-8FDC-42A3-9474-1A3956D46DE8}") = "03_linked_list", "03_linked_list", "{9E807402-5D2D-4D27-BD5D-7CB6324A8954}"
EndProject
Project("{9A19103F-16F7-4668-BE54-9A1E7A4F7556}") = "creating_list_use_array.consoleapp", "src\03_linked_list\creating_list_use_array.consoleapp\creating_list_use_array.consoleapp.csproj", "{D7C17F1A-1448-4F11-81D1-5C6D0738B27D}"
EndProject
Project("{9A19103F-16F7-4668-BE54-9A1E7A4F7556}") = "linked_list.consoleapp", "src\03_linked_list\linked_list.consoleapp\linked_list.consoleapp.csproj", "{0C5AFCBB-9895-4697-974A-D150423B5669}"
EndProject
Project("{9A19103F-16F7-4668-BE54-9A1E7A4F7556}") = "linked_list_v2.consoleapp", "src\03_linked_list\linked_list_v2.consoleapp\linked_list_v2.consoleapp.csproj", "{53FEE711-8B8B-44D7-BF60-8EFC844A9C9B}"
EndProject
Project("{9A19103F-16F7-4668-BE54-9A1E7A4F7556}") = "operator_of_yield.consoleapp", "src\03_linked_list\operator_of_yield.consoleapp\operator_of_yield.consoleapp.csproj", "{3E505454-E486-4186-96F7-0DB0BEFA7AE6}"
EndProject
Project("{2150E333-8FDC-42A3-9474-1A3956D46DE8}") = "04_queue_stack", "04_queue_stack", "{A0355E4E-1F27-486F-9F58-C803E2D37805}"
EndProject
Project("{9A19103F-16F7-4668-BE54-9A1E7A4F7556}") = "queue_stack.consoleapp", "src\04_queue_stack\queue_stack.consoleapp\queue_stack.consoleapp.csproj", "{033FE527-8165-45F9-83C7-33C40A7CAF89}"
EndProject
Project("{9A19103F-16F7-4668-BE54-9A1E7A4F7556}") = "queue_v2.consoleapp", "src\04_queue_stack\queue_v2.consoleapp\queue_v2.consoleapp.csproj", "{FF7FB571-CC03-4C82-A46A-45A645391760}"
EndProject
Project("{9A19103F-16F7-4668-BE54-9A1E7A4F7556}") = "stack_v2.consoleapp", "src\04_queue_stack\stack_v2.consoleapp\stack_v2.consoleapp.csproj", "{E0C3C280-1107-4616-87B9-4AD220183907}"
EndProject
Project("{2150E333-8FDC-42A3-9474-1A3956D46DE8}") = "05_sorted_list", "05_sorted_list", "{9951CEAD-F019-4338-8111-11AD09C7DCDE}"
EndProject
Project("{9A19103F-16F7-4668-BE54-9A1E7A4F7556}") = "sorted_list.consoleapp", "src\05_sorted_list\sorted_list.consoleapp\sorted_list.consoleapp.csproj", "{A23711BB-E158-4B64-B12F-CE4DF19A80B0}"
EndProject
Project("{2150E333-8FDC-42A3-9474-1A3956D46DE8}") = "06_hash", "06_hash", "{75E92B65-76BF-426B-B086-DE935B8C8558}"
EndProject
Project("{9A19103F-16F7-4668-BE54-9A1E7A4F7556}") = "equals.consoleapp", "src\06_hash\equals.consoleapp\equals.consoleapp.csproj", "{D1575971-4B6F-47C1-919E-FA352CB789E0}"
EndProject
Global
	GlobalSection(SolutionConfigurationPlatforms) = preSolution
		Debug|Any CPU = Debug|Any CPU
		Release|Any CPU = Release|Any CPU
	EndGlobalSection
	GlobalSection(ProjectConfigurationPlatforms) = postSolution
		{0D97AF9D-8302-4A21-8DDC-08264112A0DB}.Debug|Any CPU.ActiveCfg = Debug|Any CPU
		{0D97AF9D-8302-4A21-8DDC-08264112A0DB}.Debug|Any CPU.Build.0 = Debug|Any CPU
		{0D97AF9D-8302-4A21-8DDC-08264112A0DB}.Release|Any CPU.ActiveCfg = Release|Any CPU
		{0D97AF9D-8302-4A21-8DDC-08264112A0DB}.Release|Any CPU.Build.0 = Release|Any CPU
		{CB81A3EB-45F6-46DF-9D04-9E40D30834ED}.Debug|Any CPU.ActiveCfg = Debug|Any CPU
		{CB81A3EB-45F6-46DF-9D04-9E40D30834ED}.Debug|Any CPU.Build.0 = Debug|Any CPU
		{CB81A3EB-45F6-46DF-9D04-9E40D30834ED}.Release|Any CPU.ActiveCfg = Release|Any CPU
		{CB81A3EB-45F6-46DF-9D04-9E40D30834ED}.Release|Any CPU.Build.0 = Release|Any CPU
		{D7C17F1A-1448-4F11-81D1-5C6D0738B27D}.Debug|Any CPU.ActiveCfg = Debug|Any CPU
		{D7C17F1A-1448-4F11-81D1-5C6D0738B27D}.Debug|Any CPU.Build.0 = Debug|Any CPU
		{D7C17F1A-1448-4F11-81D1-5C6D0738B27D}.Release|Any CPU.ActiveCfg = Release|Any CPU
		{D7C17F1A-1448-4F11-81D1-5C6D0738B27D}.Release|Any CPU.Build.0 = Release|Any CPU
		{0C5AFCBB-9895-4697-974A-D150423B5669}.Debug|Any CPU.ActiveCfg = Debug|Any CPU
		{0C5AFCBB-9895-4697-974A-D150423B5669}.Debug|Any CPU.Build.0 = Debug|Any CPU
		{0C5AFCBB-9895-4697-974A-D150423B5669}.Release|Any CPU.ActiveCfg = Release|Any CPU
		{0C5AFCBB-9895-4697-974A-D150423B5669}.Release|Any CPU.Build.0 = Release|Any CPU
		{53FEE711-8B8B-44D7-BF60-8EFC844A9C9B}.Debug|Any CPU.ActiveCfg = Debug|Any CPU
		{53FEE711-8B8B-44D7-BF60-8EFC844A9C9B}.Debug|Any CPU.Build.0 = Debug|Any CPU
		{53FEE711-8B8B-44D7-BF60-8EFC844A9C9B}.Release|Any CPU.ActiveCfg = Release|Any CPU
		{53FEE711-8B8B-44D7-BF60-8EFC844A9C9B}.Release|Any CPU.Build.0 = Release|Any CPU
		{3E505454-E486-4186-96F7-0DB0BEFA7AE6}.Debug|Any CPU.ActiveCfg = Debug|Any CPU
		{3E505454-E486-4186-96F7-0DB0BEFA7AE6}.Debug|Any CPU.Build.0 = Debug|Any CPU
		{3E505454-E486-4186-96F7-0DB0BEFA7AE6}.Release|Any CPU.ActiveCfg = Release|Any CPU
		{3E505454-E486-4186-96F7-0DB0BEFA7AE6}.Release|Any CPU.Build.0 = Release|Any CPU
		{033FE527-8165-45F9-83C7-33C40A7CAF89}.Debug|Any CPU.ActiveCfg = Debug|Any CPU
		{033FE527-8165-45F9-83C7-33C40A7CAF89}.Debug|Any CPU.Build.0 = Debug|Any CPU
		{033FE527-8165-45F9-83C7-33C40A7CAF89}.Release|Any CPU.ActiveCfg = Release|Any CPU
		{033FE527-8165-45F9-83C7-33C40A7CAF89}.Release|Any CPU.Build.0 = Release|Any CPU
		{FF7FB571-CC03-4C82-A46A-45A645391760}.Debug|Any CPU.ActiveCfg = Debug|Any CPU
		{FF7FB571-CC03-4C82-A46A-45A645391760}.Debug|Any CPU.Build.0 = Debug|Any CPU
		{FF7FB571-CC03-4C82-A46A-45A645391760}.Release|Any CPU.ActiveCfg = Release|Any CPU
		{FF7FB571-CC03-4C82-A46A-45A645391760}.Release|Any CPU.Build.0 = Release|Any CPU
		{E0C3C280-1107-4616-87B9-4AD220183907}.Debug|Any CPU.ActiveCfg = Debug|Any CPU
		{E0C3C280-1107-4616-87B9-4AD220183907}.Debug|Any CPU.Build.0 = Debug|Any CPU
		{E0C3C280-1107-4616-87B9-4AD220183907}.Release|Any CPU.ActiveCfg = Release|Any CPU
		{E0C3C280-1107-4616-87B9-4AD220183907}.Release|Any CPU.Build.0 = Release|Any CPU
		{A23711BB-E158-4B64-B12F-CE4DF19A80B0}.Debug|Any CPU.ActiveCfg = Debug|Any CPU
		{A23711BB-E158-4B64-B12F-CE4DF19A80B0}.Debug|Any CPU.Build.0 = Debug|Any CPU
		{A23711BB-E158-4B64-B12F-CE4DF19A80B0}.Release|Any CPU.ActiveCfg = Release|Any CPU
		{A23711BB-E158-4B64-B12F-CE4DF19A80B0}.Release|Any CPU.Build.0 = Release|Any CPU
		{D1575971-4B6F-47C1-919E-FA352CB789E0}.Debug|Any CPU.ActiveCfg = Debug|Any CPU
		{D1575971-4B6F-47C1-919E-FA352CB789E0}.Debug|Any CPU.Build.0 = Debug|Any CPU
		{D1575971-4B6F-47C1-919E-FA352CB789E0}.Release|Any CPU.ActiveCfg = Release|Any CPU
		{D1575971-4B6F-47C1-919E-FA352CB789E0}.Release|Any CPU.Build.0 = Release|Any CPU
	EndGlobalSection
	GlobalSection(SolutionProperties) = preSolution
		HideSolutionNode = FALSE
	EndGlobalSection
	GlobalSection(NestedProjects) = preSolution
		{8B14EE86-CCE6-4689-9B53-9DE584F8BEE4} = {0B8DC72B-B4FC-40A5-BB7A-07E8478C4152}
		{0D97AF9D-8302-4A21-8DDC-08264112A0DB} = {8B14EE86-CCE6-4689-9B53-9DE584F8BEE4}
		{16C3C485-1228-4162-B308-6D46918BC411} = {0B8DC72B-B4FC-40A5-BB7A-07E8478C4152}
		{CB81A3EB-45F6-46DF-9D04-9E40D30834ED} = {16C3C485-1228-4162-B308-6D46918BC411}
		{9E807402-5D2D-4D27-BD5D-7CB6324A8954} = {0B8DC72B-B4FC-40A5-BB7A-07E8478C4152}
		{D7C17F1A-1448-4F11-81D1-5C6D0738B27D} = {9E807402-5D2D-4D27-BD5D-7CB6324A8954}
		{0C5AFCBB-9895-4697-974A-D150423B5669} = {9E807402-5D2D-4D27-BD5D-7CB6324A8954}
		{53FEE711-8B8B-44D7-BF60-8EFC844A9C9B} = {9E807402-5D2D-4D27-BD5D-7CB6324A8954}
		{3E505454-E486-4186-96F7-0DB0BEFA7AE6} = {9E807402-5D2D-4D27-BD5D-7CB6324A8954}
		{A0355E4E-1F27-486F-9F58-C803E2D37805} = {0B8DC72B-B4FC-40A5-BB7A-07E8478C4152}
		{033FE527-8165-45F9-83C7-33C40A7CAF89} = {A0355E4E-1F27-486F-9F58-C803E2D37805}
		{FF7FB571-CC03-4C82-A46A-45A645391760} = {A0355E4E-1F27-486F-9F58-C803E2D37805}
		{E0C3C280-1107-4616-87B9-4AD220183907} = {A0355E4E-1F27-486F-9F58-C803E2D37805}
		{9951CEAD-F019-4338-8111-11AD09C7DCDE} = {0B8DC72B-B4FC-40A5-BB7A-07E8478C4152}
		{A23711BB-E158-4B64-B12F-CE4DF19A80B0} = {9951CEAD-F019-4338-8111-11AD09C7DCDE}
		{75E92B65-76BF-426B-B086-DE935B8C8558} = {0B8DC72B-B4FC-40A5-BB7A-07E8478C4152}
		{D1575971-4B6F-47C1-919E-FA352CB789E0} = {75E92B65-76BF-426B-B086-DE935B8C8558}
	EndGlobalSection
	GlobalSection(ExtensibilityGlobals) = postSolution
		SolutionGuid = {746FF853-28A3-48C2-9D0F-208FCC983A3A}
	EndGlobalSection
EndGlobal
